github.com/Ramones13/jazzModule v1.0.0 h1:IlGY+9RLuyY+JbUKPa2xYmOUHkBlfIxyfizy0qxKl4M=
github.com/Ramones13/jazzModule v1.0.0/go.mod h1:9GVlsURrKV0zArTUp2g14/iFd0xCxMMrdDMbOwlIGHQ=
github.com/Ramones13/jazzModule/v2 v2.0.1 h1:LZGAIgWYq/h/64duL/GEVdUuR88AYnDVSgLJqO2zprE=
github.com/Ramones13/jazzModule/v2 v2.0.1/go.mod h1:It72wP6OQr2WPRuPn1DMuNKqpM6CvaTXFCECxTUnJyA=
