github.com/Ramones13/Aibolit v1.0.2 h1:VPrUoeXTnjyEOUQaQLzknLS8LMCik+Lt25Nh8s+gDv0=
github.com/Ramones13/Aibolit v1.0.2/go.mod h1:lxfvgU8ybHDjXxgJ6RqkADBAiNQckDY6rJd8KhYb5fA=
github.com/Ramones13/Aibolit v1.1.4 h1:f2TCnKgRZciS9TDKE0rZY474XmhAffaWy7WamKezDpo=
github.com/Ramones13/Aibolit v1.1.4/go.mod h1:lxfvgU8ybHDjXxgJ6RqkADBAiNQckDY6rJd8KhYb5fA=
github.com/Ramones13/Aibolit/v2 v2.0.0 h1:7qLFYGbj5xoV1hycauklvh5mldRzj71nTrRHvnALSJQ=
github.com/Ramones13/Aibolit/v2 v2.0.0/go.mod h1:Y9fafzJg5J/U5QlR6rYu/q2bKukF7nVd/ztnBBgSztI=
github.com/Ramones13/Aibolit/v2 v2.1.0 h1:474O/HKZcSkLkh6VDhFifYVVbkGkWF8vepPSDorwf7M=
github.com/Ramones13/Aibolit/v2 v2.1.0/go.mod h1:Y9fafzJg5J/U5QlR6rYu/q2bKukF7nVd/ztnBBgSztI=
github.com/Ramones13/jazzModule v1.0.0 h1:IlGY+9RLuyY+JbUKPa2xYmOUHkBlfIxyfizy0qxKl4M=
github.com/Ramones13/jazzModule v1.0.0/go.mod h1:9GVlsURrKV0zArTUp2g14/iFd0xCxMMrdDMbOwlIGHQ=
github.com/Ramones13/jazzModule/v2 v2.0.1 h1:LZGAIgWYq/h/64duL/GEVdUuR88AYnDVSgLJqO2zprE=
github.com/Ramones13/jazzModule/v2 v2.0.1/go.mod h1:It72wP6OQr2WPRuPn1DMuNKqpM6CvaTXFCECxTUnJyA=
